
Microsoft Visual Studio Solution File, Format Version 12.00
# Visual Studio Version 17
VisualStudioVersion = 17.1.32210.238
MinimumVisualStudioVersion = 10.0.40219.1
Project("{FAE04EC0-301F-11D3-BF4B-00C04F79EFBC}") = "LedAppCore", "LedAppCore\LedAppCore.csproj", "{DD40E37C-DCAC-4F42-B258-D792C2A974CC}"
EndProject
Global
	GlobalSection(SolutionConfigurationPlatforms) = preSolution
		Debug|Any CPU = Debug|Any CPU
		Release|Any CPU = Release|Any CPU
	EndGlobalSection
	GlobalSection(ProjectConfigurationPlatforms) = postSolution
		{DD40E37C-DCAC-4F42-B258-D792C2A974CC}.Debug|Any CPU.ActiveCfg = Debug|Any CPU
		{DD40E37C-DCAC-4F42-B258-D792C2A974CC}.Debug|Any CPU.Build.0 = Debug|Any CPU
		{DD40E37C-DCAC-4F42-B258-D792C2A974CC}.Release|Any CPU.ActiveCfg = Release|Any CPU
		{DD40E37C-DCAC-4F42-B258-D792C2A974CC}.Release|Any CPU.Build.0 = Release|Any CPU
	EndGlobalSection
	GlobalSection(SolutionProperties) = preSolution
		HideSolutionNode = FALSE
	EndGlobalSection
	GlobalSection(ExtensibilityGlobals) = postSolution
		SolutionGuid = {0EC9456B-EBF8-4CC7-95AD-56CAC9CC8D00}
	EndGlobalSection
EndGlobal
